{
	"name": "@html_first/web_component",
	"version": "0.16.2",
	"lockfileVersion": 3,
	"requires": true,
	"packages": {
		"": {
			"name": "@html_first/web_component",
			"version": "0.16.2",
			"license": "MIT",
			"dependencies": {
				"@html_first/simple_signal": "^2.4.8"
			}
		},
		"node_modules/@html_first/simple_signal": {
			"version": "2.4.8",
			"resolved": "https://registry.npmjs.org/@html_first/simple_signal/-/simple_signal-2.4.8.tgz",
			"integrity": "sha512-Z+oyILCM93gBlP8qnYFtNvw+JaElHUbI+wW6uoclsGfseqXQ6GP7YNcyaVDJI87e8pfvjo40nKGnf+jVD/YDFg==",
			"license": "MIT"
		}
	}
}
