{
	"name": "@html_first/web_component",
	"version": "0.14.7",
	"lockfileVersion": 3,
	"requires": true,
	"packages": {
		"": {
			"name": "@html_first/web_component",
			"version": "0.14.7",
			"license": "MIT",
			"dependencies": {
				"@html_first/simple_signal": "^2.4.0"
			}
		},
		"node_modules/@html_first/simple_signal": {
			"version": "2.4.0",
			"resolved": "https://registry.npmjs.org/@html_first/simple_signal/-/simple_signal-2.4.0.tgz",
			"integrity": "sha512-uha5yJwVZKalFmmPMBDxSP6SmjTF4w7oCMli71DZkmOFqEGLmQwtBF2K6pVLIrt15484Od4HGZNVUnQ7iUp9Cw==",
			"license": "MIT"
		}
	}
}
