{
  "name": "@html_first/web_component",
  "version": "0.1.0",
  "lockfileVersion": 3,
  "requires": true,
  "packages": {
    "": {
      "name": "@html_first/web_component",
      "version": "0.1.0",
      "license": "MIT",
      "dependencies": {
        "@html_first/simple_queue": "^1.2.0"
      }
    },
    "node_modules/@html_first/simple_queue": {
      "version": "1.2.0",
      "resolved": "https://registry.npmjs.org/@html_first/simple_queue/-/simple_queue-1.2.0.tgz",
      "integrity": "sha512-kHD7kB8rclNrEHvLWZfZoCtJp0n7PQoMTLk86DU4gwN/JDSP8kPC3n1/4zbAuZDoKuVTtwQu+IO0UCRhSNcj+w==",
      "license": "MIT"
    }
  }
}
